// !$*UTF8*$!
{
	archiveVersion = 1;
	classes = {
	};
	objectVersion = 46;
	objects = {

/* Begin PBXBuildFile section */
		031673301CB07CE50064EEB9 /* AppDelegate.swift in Sources */ = {isa = PBXBuildFile; fileRef = 0316732F1CB07CE50064EEB9 /* AppDelegate.swift */; };
		031673321CB07CE50064EEB9 /* ViewController.swift in Sources */ = {isa = PBXBuildFile; fileRef = 031673311CB07CE50064EEB9 /* ViewController.swift */; };
		031673351CB07CE50064EEB9 /* Main.storyboard in Resources */ = {isa = PBXBuildFile; fileRef = 031673331CB07CE50064EEB9 /* Main.storyboard */; };
		0316733A1CB07CE50064EEB9 /* LaunchScreen.storyboard in Resources */ = {isa = PBXBuildFile; fileRef = 031673381CB07CE50064EEB9 /* LaunchScreen.storyboard */; };
		031673451CB07CE50064EEB9 /* MakeSchoolTutTests.swift in Sources */ = {isa = PBXBuildFile; fileRef = 031673441CB07CE50064EEB9 /* MakeSchoolTutTests.swift */; };
		031673501CB07CE50064EEB9 /* MakeSchoolTutUITests.swift in Sources */ = {isa = PBXBuildFile; fileRef = 0316734F1CB07CE50064EEB9 /* MakeSchoolTutUITests.swift */; };
		031673611CB124E90064EEB9 /* C2.jpg in Resources */ = {isa = PBXBuildFile; fileRef = 031673601CB124E90064EEB9 /* C2.jpg */; };
		031673631CB12F570064EEB9 /* nhrhslogo.jpg in Resources */ = {isa = PBXBuildFile; fileRef = 031673621CB12F570064EEB9 /* nhrhslogo.jpg */; };
		031673671CB132640064EEB9 /* Images.xcassets in Resources */ = {isa = PBXBuildFile; fileRef = 031673661CB132640064EEB9 /* Images.xcassets */; };
		0334FEF91CB1405600DC2345 /* Default-568h@2x.png in Resources */ = {isa = PBXBuildFile; fileRef = 0334FEF81CB1405600DC2345 /* Default-568h@2x.png */; };
/* End PBXBuildFile section */

/* Begin PBXContainerItemProxy section */
		031673411CB07CE50064EEB9 /* PBXContainerItemProxy */ = {
			isa = PBXContainerItemProxy;
			containerPortal = 031673241CB07CE40064EEB9 /* Project object */;
			proxyType = 1;
			remoteGlobalIDString = 0316732B1CB07CE40064EEB9;
			remoteInfo = MakeSchoolTut;
		};
		0316734C1CB07CE50064EEB9 /* PBXContainerItemProxy */ = {
			isa = PBXContainerItemProxy;
			containerPortal = 031673241CB07CE40064EEB9 /* Project object */;
			proxyType = 1;
			remoteGlobalIDString = 0316732B1CB07CE40064EEB9;
			remoteInfo = MakeSchoolTut;
		};
/* End PBXContainerItemProxy section */

/* Begin PBXFileReference section */
		0316732C1CB07CE50064EEB9 /* Northern Highlands App.app */ = {isa = PBXFileReference; explicitFileType = wrapper.application; includeInIndex = 0; path = "Northern Highlands App.app"; sourceTree = BUILT_PRODUCTS_DIR; };
		0316732F1CB07CE50064EEB9 /* AppDelegate.swift */ = {isa = PBXFileReference; lastKnownFileType = sourcecode.swift; path = AppDelegate.swift; sourceTree = "<group>"; };
		031673311CB07CE50064EEB9 /* ViewController.swift */ = {isa = PBXFileReference; lastKnownFileType = sourcecode.swift; path = ViewController.swift; sourceTree = "<group>"; };
		031673341CB07CE50064EEB9 /* Base */ = {isa = PBXFileReference; lastKnownFileType = file.storyboard; name = Base; path = Base.lproj/Main.storyboard; sourceTree = "<group>"; };
		031673391CB07CE50064EEB9 /* Base */ = {isa = PBXFileReference; lastKnownFileType = file.storyboard; name = Base; path = Base.lproj/LaunchScreen.storyboard; sourceTree = "<group>"; };
		0316733B1CB07CE50064EEB9 /* Info.plist */ = {isa = PBXFileReference; lastKnownFileType = text.plist.xml; path = Info.plist; sourceTree = "<group>"; };
		031673401CB07CE50064EEB9 /* MakeSchoolTutTests.xctest */ = {isa = PBXFileReference; explicitFileType = wrapper.cfbundle; includeInIndex = 0; path = MakeSchoolTutTests.xctest; sourceTree = BUILT_PRODUCTS_DIR; };
		031673441CB07CE50064EEB9 /* MakeSchoolTutTests.swift */ = {isa = PBXFileReference; lastKnownFileType = sourcecode.swift; path = MakeSchoolTutTests.swift; sourceTree = "<group>"; };
		031673461CB07CE50064EEB9 /* Info.plist */ = {isa = PBXFileReference; lastKnownFileType = text.plist.xml; path = Info.plist; sourceTree = "<group>"; };
		0316734B1CB07CE50064EEB9 /* MakeSchoolTutUITests.xctest */ = {isa = PBXFileReference; explicitFileType = wrapper.cfbundle; includeInIndex = 0; path = MakeSchoolTutUITests.xctest; sourceTree = BUILT_PRODUCTS_DIR; };
		0316734F1CB07CE50064EEB9 /* MakeSchoolTutUITests.swift */ = {isa = PBXFileReference; lastKnownFileType = sourcecode.swift; path = MakeSchoolTutUITests.swift; sourceTree = "<group>"; };
		031673511CB07CE50064EEB9 /* Info.plist */ = {isa = PBXFileReference; lastKnownFileType = text.plist.xml; path = Info.plist; sourceTree = "<group>"; };
		031673601CB124E90064EEB9 /* C2.jpg */ = {isa = PBXFileReference; lastKnownFileType = image.jpeg; path = C2.jpg; sourceTree = "<group>"; };
		031673621CB12F570064EEB9 /* nhrhslogo.jpg */ = {isa = PBXFileReference; lastKnownFileType = image.jpeg; path = nhrhslogo.jpg; sourceTree = "<group>"; };
		031673661CB132640064EEB9 /* Images.xcassets */ = {isa = PBXFileReference; lastKnownFileType = folder.assetcatalog; path = Images.xcassets; sourceTree = "<group>"; };
		0334FEF81CB1405600DC2345 /* Default-568h@2x.png */ = {isa = PBXFileReference; lastKnownFileType = image.png; path = "Default-568h@2x.png"; sourceTree = "<group>"; };
/* End PBXFileReference section */

/* Begin PBXFrameworksBuildPhase section */
		031673291CB07CE40064EEB9 /* Frameworks */ = {
			isa = PBXFrameworksBuildPhase;
			buildActionMask = 2147483647;
			files = (
			);
			runOnlyForDeploymentPostprocessing = 0;
		};
		0316733D1CB07CE50064EEB9 /* Frameworks */ = {
			isa = PBXFrameworksBuildPhase;
			buildActionMask = 2147483647;
			files = (
			);
			runOnlyForDeploymentPostprocessing = 0;
		};
		031673481CB07CE50064EEB9 /* Frameworks */ = {
			isa = PBXFrameworksBuildPhase;
			buildActionMask = 2147483647;
			files = (
			);
			runOnlyForDeploymentPostprocessing = 0;
		};
/* End PBXFrameworksBuildPhase section */

/* Begin PBXGroup section */
		031673231CB07CE40064EEB9 = {
			isa = PBXGroup;
			children = (
				0334FEF81CB1405600DC2345 /* Default-568h@2x.png */,
				031673661CB132640064EEB9 /* Images.xcassets */,
				0316732E1CB07CE50064EEB9 /* MakeSchoolTut */,
				031673431CB07CE50064EEB9 /* MakeSchoolTutTests */,
				0316734E1CB07CE50064EEB9 /* MakeSchoolTutUITests */,
				0316732D1CB07CE50064EEB9 /* Products */,
			);
			sourceTree = "<group>";
		};
		0316732D1CB07CE50064EEB9 /* Products */ = {
			isa = PBXGroup;
			children = (
				0316732C1CB07CE50064EEB9 /* Northern Highlands App.app */,
				031673401CB07CE50064EEB9 /* MakeSchoolTutTests.xctest */,
				0316734B1CB07CE50064EEB9 /* MakeSchoolTutUITests.xctest */,
			);
			name = Products;
			sourceTree = "<group>";
		};
		0316732E1CB07CE50064EEB9 /* MakeSchoolTut */ = {
			isa = PBXGroup;
			children = (
				0316732F1CB07CE50064EEB9 /* AppDelegate.swift */,
				031673311CB07CE50064EEB9 /* ViewController.swift */,
				031673331CB07CE50064EEB9 /* Main.storyboard */,
				031673601CB124E90064EEB9 /* C2.jpg */,
				031673381CB07CE50064EEB9 /* LaunchScreen.storyboard */,
				0316733B1CB07CE50064EEB9 /* Info.plist */,
				031673621CB12F570064EEB9 /* nhrhslogo.jpg */,
			);
			name = MakeSchoolTut;
			path = "Northern Highlands AppTut";
			sourceTree = "<group>";
		};
		031673431CB07CE50064EEB9 /* MakeSchoolTutTests */ = {
			isa = PBXGroup;
			children = (
				031673441CB07CE50064EEB9 /* MakeSchoolTutTests.swift */,
				031673461CB07CE50064EEB9 /* Info.plist */,
			);
			name = MakeSchoolTutTests;
			path = "Northern Highlands AppTests";
			sourceTree = "<group>";
		};
		0316734E1CB07CE50064EEB9 /* MakeSchoolTutUITests */ = {
			isa = PBXGroup;
			children = (
				0316734F1CB07CE50064EEB9 /* MakeSchoolTutUITests.swift */,
				031673511CB07CE50064EEB9 /* Info.plist */,
			);
			name = MakeSchoolTutUITests;
			path = "Northern Highlands AppUITests";
			sourceTree = "<group>";
		};
/* End PBXGroup section */

/* Begin PBXNativeTarget section */
		0316732B1CB07CE40064EEB9 /* MakeSchoolTut */ = {
			isa = PBXNativeTarget;
			buildConfigurationList = 031673541CB07CE50064EEB9 /* Build configuration list for PBXNativeTarget "MakeSchoolTut" */;
			buildPhases = (
				031673281CB07CE40064EEB9 /* Sources */,
				031673291CB07CE40064EEB9 /* Frameworks */,
				0316732A1CB07CE40064EEB9 /* Resources */,
			);
			buildRules = (
			);
			dependencies = (
			);
			name = MakeSchoolTut;
			productName = MakeSchoolTut;
			productReference = 0316732C1CB07CE50064EEB9 /* Northern Highlands App.app */;
			productType = "com.apple.product-type.application";
		};
		0316733F1CB07CE50064EEB9 /* MakeSchoolTutTests */ = {
			isa = PBXNativeTarget;
			buildConfigurationList = 031673571CB07CE50064EEB9 /* Build configuration list for PBXNativeTarget "MakeSchoolTutTests" */;
			buildPhases = (
				0316733C1CB07CE50064EEB9 /* Sources */,
				0316733D1CB07CE50064EEB9 /* Frameworks */,
				0316733E1CB07CE50064EEB9 /* Resources */,
			);
			buildRules = (
			);
			dependencies = (
				031673421CB07CE50064EEB9 /* PBXTargetDependency */,
			);
			name = MakeSchoolTutTests;
			productName = MakeSchoolTutTests;
			productReference = 031673401CB07CE50064EEB9 /* MakeSchoolTutTests.xctest */;
			productType = "com.apple.product-type.bundle.unit-test";
		};
		0316734A1CB07CE50064EEB9 /* MakeSchoolTutUITests */ = {
			isa = PBXNativeTarget;
			buildConfigurationList = 0316735A1CB07CE50064EEB9 /* Build configuration list for PBXNativeTarget "MakeSchoolTutUITests" */;
			buildPhases = (
				031673471CB07CE50064EEB9 /* Sources */,
				031673481CB07CE50064EEB9 /* Frameworks */,
				031673491CB07CE50064EEB9 /* Resources */,
			);
			buildRules = (
			);
			dependencies = (
				0316734D1CB07CE50064EEB9 /* PBXTargetDependency */,
			);
			name = MakeSchoolTutUITests;
			productName = MakeSchoolTutUITests;
			productReference = 0316734B1CB07CE50064EEB9 /* MakeSchoolTutUITests.xctest */;
			productType = "com.apple.product-type.bundle.ui-testing";
		};
/* End PBXNativeTarget section */

/* Begin PBXProject section */
		031673241CB07CE40064EEB9 /* Project object */ = {
			isa = PBXProject;
			attributes = {
				LastSwiftUpdateCheck = 0730;
				LastUpgradeCheck = 0730;
				ORGANIZATIONNAME = "Malik Studios";
				TargetAttributes = {
					0316732B1CB07CE40064EEB9 = {
						CreatedOnToolsVersion = 7.3;
						DevelopmentTeam = UF8W267V78;
					};
					0316733F1CB07CE50064EEB9 = {
						CreatedOnToolsVersion = 7.3;
						TestTargetID = 0316732B1CB07CE40064EEB9;
					};
					0316734A1CB07CE50064EEB9 = {
						CreatedOnToolsVersion = 7.3;
						TestTargetID = 0316732B1CB07CE40064EEB9;
					};
				};
			};
			buildConfigurationList = 031673271CB07CE40064EEB9 /* Build configuration list for PBXProject "Northern Highlands App" */;
			compatibilityVersion = "Xcode 3.2";
			developmentRegion = English;
			hasScannedForEncodings = 0;
			knownRegions = (
				en,
				Base,
			);
			mainGroup = 031673231CB07CE40064EEB9;
			productRefGroup = 0316732D1CB07CE50064EEB9 /* Products */;
			projectDirPath = "";
			projectRoot = "";
			targets = (
				0316732B1CB07CE40064EEB9 /* MakeSchoolTut */,
				0316733F1CB07CE50064EEB9 /* MakeSchoolTutTests */,
				0316734A1CB07CE50064EEB9 /* MakeSchoolTutUITests */,
			);
		};
/* End PBXProject section */

/* Begin PBXResourcesBuildPhase section */
		0316732A1CB07CE40064EEB9 /* Resources */ = {
			isa = PBXResourcesBuildPhase;
			buildActionMask = 2147483647;
			files = (
				031673631CB12F570064EEB9 /* nhrhslogo.jpg in Resources */,
				0316733A1CB07CE50064EEB9 /* LaunchScreen.storyboard in Resources */,
				031673671CB132640064EEB9 /* Images.xcassets in Resources */,
				031673351CB07CE50064EEB9 /* Main.storyboard in Resources */,
				031673611CB124E90064EEB9 /* C2.jpg in Resources */,
				0334FEF91CB1405600DC2345 /* Default-568h@2x.png in Resources */,
			);
			runOnlyForDeploymentPostprocessing = 0;
		};
		0316733E1CB07CE50064EEB9 /* Resources */ = {
			isa = PBXResourcesBuildPhase;
			buildActionMask = 2147483647;
			files = (
			);
			runOnlyForDeploymentPostprocessing = 0;
		};
		031673491CB07CE50064EEB9 /* Resources */ = {
			isa = PBXResourcesBuildPhase;
			buildActionMask = 2147483647;
			files = (
			);
			runOnlyForDeploymentPostprocessing = 0;
		};
/* End PBXResourcesBuildPhase section */

/* Begin PBXSourcesBuildPhase section */
		031673281CB07CE40064EEB9 /* Sources */ = {
			isa = PBXSourcesBuildPhase;
			buildActionMask = 2147483647;
			files = (
				031673321CB07CE50064EEB9 /* ViewController.swift in Sources */,
				031673301CB07CE50064EEB9 /* AppDelegate.swift in Sources */,
			);
			runOnlyForDeploymentPostprocessing = 0;
		};
		0316733C1CB07CE50064EEB9 /* Sources */ = {
			isa = PBXSourcesBuildPhase;
			buildActionMask = 2147483647;
			files = (
				031673451CB07CE50064EEB9 /* MakeSchoolTutTests.swift in Sources */,
			);
			runOnlyForDeploymentPostprocessing = 0;
		};
		031673471CB07CE50064EEB9 /* Sources */ = {
			isa = PBXSourcesBuildPhase;
			buildActionMask = 2147483647;
			files = (
				031673501CB07CE50064EEB9 /* MakeSchoolTutUITests.swift in Sources */,
			);
			runOnlyForDeploymentPostprocessing = 0;
		};
/* End PBXSourcesBuildPhase section */

/* Begin PBXTargetDependency section */
		031673421CB07CE50064EEB9 /* PBXTargetDependency */ = {
			isa = PBXTargetDependency;
			target = 0316732B1CB07CE40064EEB9 /* MakeSchoolTut */;
			targetProxy = 031673411CB07CE50064EEB9 /* PBXContainerItemProxy */;
		};
		0316734D1CB07CE50064EEB9 /* PBXTargetDependency */ = {
			isa = PBXTargetDependency;
			target = 0316732B1CB07CE40064EEB9 /* MakeSchoolTut */;
			targetProxy = 0316734C1CB07CE50064EEB9 /* PBXContainerItemProxy */;
		};
/* End PBXTargetDependency section */

/* Begin PBXVariantGroup section */
		031673331CB07CE50064EEB9 /* Main.storyboard */ = {
			isa = PBXVariantGroup;
			children = (
				031673341CB07CE50064EEB9 /* Base */,
			);
			name = Main.storyboard;
			sourceTree = "<group>";
		};
		031673381CB07CE50064EEB9 /* LaunchScreen.storyboard */ = {
			isa = PBXVariantGroup;
			children = (
				031673391CB07CE50064EEB9 /* Base */,
			);
			name = LaunchScreen.storyboard;
			sourceTree = "<group>";
		};
/* End PBXVariantGroup section */

/* Begin XCBuildConfiguration section */
		031673521CB07CE50064EEB9 /* Debug */ = {
			isa = XCBuildConfiguration;
			buildSettings = {
				ALWAYS_SEARCH_USER_PATHS = NO;
				CLANG_ANALYZER_NONNULL = YES;
				CLANG_CXX_LANGUAGE_STANDARD = "gnu++0x";
				CLANG_CXX_LIBRARY = "libc++";
				CLANG_ENABLE_MODULES = YES;
				CLANG_ENABLE_OBJC_ARC = YES;
				CLANG_WARN_BOOL_CONVERSION = YES;
				CLANG_WARN_CONSTANT_CONVERSION = YES;
				CLANG_WARN_DIRECT_OBJC_ISA_USAGE = YES_ERROR;
				CLANG_WARN_EMPTY_BODY = YES;
				CLANG_WARN_ENUM_CONVERSION = YES;
				CLANG_WARN_INT_CONVERSION = YES;
				CLANG_WARN_OBJC_ROOT_CLASS = YES_ERROR;
				CLANG_WARN_UNREACHABLE_CODE = YES;
				CLANG_WARN__DUPLICATE_METHOD_MATCH = YES;
				"CODE_SIGN_IDENTITY[sdk=iphoneos*]" = "iPhone Developer";
				COPY_PHASE_STRIP = NO;
				DEBUG_INFORMATION_FORMAT = dwarf;
				ENABLE_STRICT_OBJC_MSGSEND = YES;
				ENABLE_TESTABILITY = YES;
				GCC_C_LANGUAGE_STANDARD = gnu99;
				GCC_DYNAMIC_NO_PIC = NO;
				GCC_NO_COMMON_BLOCKS = YES;
				GCC_OPTIMIZATION_LEVEL = 0;
				GCC_PREPROCESSOR_DEFINITIONS = (
					"DEBUG=1",
					"$(inherited)",
				);
				GCC_WARN_64_TO_32_BIT_CONVERSION = YES;
				GCC_WARN_ABOUT_RETURN_TYPE = YES_ERROR;
				GCC_WARN_UNDECLARED_SELECTOR = YES;
				GCC_WARN_UNINITIALIZED_AUTOS = YES_AGGRESSIVE;
				GCC_WARN_UNUSED_FUNCTION = YES;
				GCC_WARN_UNUSED_VARIABLE = YES;
				IPHONEOS_DEPLOYMENT_TARGET = 9.3;
				MTL_ENABLE_DEBUG_INFO = YES;
				ONLY_ACTIVE_ARCH = YES;
				SDKROOT = iphoneos;
				SWIFT_OPTIMIZATION_LEVEL = "-Onone";
				TARGETED_DEVICE_FAMILY = "1,2";
			};
			name = Debug;
		};
		031673531CB07CE50064EEB9 /* Release */ = {
			isa = XCBuildConfiguration;
			buildSettings = {
				ALWAYS_SEARCH_USER_PATHS = NO;
				CLANG_ANALYZER_NONNULL = YES;
				CLANG_CXX_LANGUAGE_STANDARD = "gnu++0x";
				CLANG_CXX_LIBRARY = "libc++";
				CLANG_ENABLE_MODULES = YES;
				CLANG_ENABLE_OBJC_ARC = YES;
				CLANG_WARN_BOOL_CONVERSION = YES;
				CLANG_WARN_CONSTANT_CONVERSION = YES;
				CLANG_WARN_DIRECT_OBJC_ISA_USAGE = YES_ERROR;
				CLANG_WARN_EMPTY_BODY = YES;
				CLANG_WARN_ENUM_CONVERSION = YES;
				CLANG_WARN_INT_CONVERSION = YES;
				CLANG_WARN_OBJC_ROOT_CLASS = YES_ERROR;
				CLANG_WARN_UNREACHABLE_CODE = YES;
				CLANG_WARN__DUPLICATE_METHOD_MATCH = YES;
				"CODE_SIGN_IDENTITY[sdk=iphoneos*]" = "iPhone Developer";
				COPY_PHASE_STRIP = NO;
				DEBUG_INFORMATION_FORMAT = "dwarf-with-dsym";
				ENABLE_NS_ASSERTIONS = NO;
				ENABLE_STRICT_OBJC_MSGSEND = YES;
				GCC_C_LANGUAGE_STANDARD = gnu99;
				GCC_NO_COMMON_BLOCKS = YES;
				GCC_WARN_64_TO_32_BIT_CONVERSION = YES;
				GCC_WARN_ABOUT_RETURN_TYPE = YES_ERROR;
				GCC_WARN_UNDECLARED_SELECTOR = YES;
				GCC_WARN_UNINITIALIZED_AUTOS = YES_AGGRESSIVE;
				GCC_WARN_UNUSED_FUNCTION = YES;
				GCC_WARN_UNUSED_VARIABLE = YES;
				IPHONEOS_DEPLOYMENT_TARGET = 9.3;
				MTL_ENABLE_DEBUG_INFO = NO;
				SDKROOT = iphoneos;
				TARGETED_DEVICE_FAMILY = "1,2";
				VALIDATE_PRODUCT = YES;
			};
			name = Release;
		};
		031673551CB07CE50064EEB9 /* Debug */ = {
			isa = XCBuildConfiguration;
			buildSettings = {
				ASSETCATALOG_COMPILER_APPICON_NAME = AppIcon;
				CODE_SIGN_IDENTITY = "iPhone Developer";
				INFOPLIST_FILE = MakeSchoolTut/Info.plist;
				IPHONEOS_DEPLOYMENT_TARGET = 9.2;
				LD_RUNPATH_SEARCH_PATHS = "$(inherited) @executable_path/Frameworks";
				PRODUCT_BUNDLE_IDENTIFIER = com.NorthernHighlandsApp;
				PRODUCT_NAME = "Northern Highlands App";
				TARGETED_DEVICE_FAMILY = 1;
			};
			name = Debug;
		};
		031673561CB07CE50064EEB9 /* Release */ = {
			isa = XCBuildConfiguration;
			buildSettings = {
				ASSETCATALOG_COMPILER_APPICON_NAME = AppIcon;
				CODE_SIGN_IDENTITY = "iPhone Developer";
				INFOPLIST_FILE = MakeSchoolTut/Info.plist;
				IPHONEOS_DEPLOYMENT_TARGET = 9.2;
				LD_RUNPATH_SEARCH_PATHS = "$(inherited) @executable_path/Frameworks";
				PRODUCT_BUNDLE_IDENTIFIER = com.NorthernHighlandsApp;
				PRODUCT_NAME = "Northern Highlands App";
				TARGETED_DEVICE_FAMILY = 1;
			};
			name = Release;
		};
		031673581CB07CE50064EEB9 /* Debug */ = {
			isa = XCBuildConfiguration;
			buildSettings = {
				BUNDLE_LOADER = "$(TEST_HOST)";
				INFOPLIST_FILE = MakeSchoolTutTests/Info.plist;
				LD_RUNPATH_SEARCH_PATHS = "$(inherited) @executable_path/Frameworks @loader_path/Frameworks";
				PRODUCT_BUNDLE_IDENTIFIER = com.makeschool.MakeSchoolTutTests;
				PRODUCT_NAME = "$(TARGET_NAME)";
				TEST_HOST = "$(BUILT_PRODUCTS_DIR)/MakeSchoolTut.app/MakeSchoolTut";
			};
			name = Debug;
		};
		031673591CB07CE50064EEB9 /* Release */ = {
			isa = XCBuildConfiguration;
			buildSettings = {
				BUNDLE_LOADER = "$(TEST_HOST)";
				INFOPLIST_FILE = MakeSchoolTutTests/Info.plist;
				LD_RUNPATH_SEARCH_PATHS = "$(inherited) @executable_path/Frameworks @loader_path/Frameworks";
				PRODUCT_BUNDLE_IDENTIFIER = com.makeschool.MakeSchoolTutTests;
				PRODUCT_NAME = "$(TARGET_NAME)";
				TEST_HOST = "$(BUILT_PRODUCTS_DIR)/MakeSchoolTut.app/MakeSchoolTut";
			};
			name = Release;
		};
		0316735B1CB07CE50064EEB9 /* Debug */ = {
			isa = XCBuildConfiguration;
			buildSettings = {
				INFOPLIST_FILE = MakeSchoolTutUITests/Info.plist;
				LD_RUNPATH_SEARCH_PATHS = "$(inherited) @executable_path/Frameworks @loader_path/Frameworks";
				PRODUCT_BUNDLE_IDENTIFIER = com.makeschool.MakeSchoolTutUITests;
				PRODUCT_NAME = "$(TARGET_NAME)";
				TEST_TARGET_NAME = MakeSchoolTut;
			};
			name = Debug;
		};
		0316735C1CB07CE50064EEB9 /* Release */ = {
			isa = XCBuildConfiguration;
			buildSettings = {
				INFOPLIST_FILE = MakeSchoolTutUITests/Info.plist;
				LD_RUNPATH_SEARCH_PATHS = "$(inherited) @executable_path/Frameworks @loader_path/Frameworks";
				PRODUCT_BUNDLE_IDENTIFIER = com.makeschool.MakeSchoolTutUITests;
				PRODUCT_NAME = "$(TARGET_NAME)";
				TEST_TARGET_NAME = MakeSchoolTut;
			};
			name = Release;
		};
/* End XCBuildConfiguration section */

/* Begin XCConfigurationList section */
		031673271CB07CE40064EEB9 /* Build configuration list for PBXProject "Northern Highlands App" */ = {
			isa = XCConfigurationList;
			buildConfigurations = (
				031673521CB07CE50064EEB9 /* Debug */,
				031673531CB07CE50064EEB9 /* Release */,
			);
			defaultConfigurationIsVisible = 0;
			defaultConfigurationName = Release;
		};
		031673541CB07CE50064EEB9 /* Build configuration list for PBXNativeTarget "MakeSchoolTut" */ = {
			isa = XCConfigurationList;
			buildConfigurations = (
				031673551CB07CE50064EEB9 /* Debug */,
				031673561CB07CE50064EEB9 /* Release */,
			);
			defaultConfigurationIsVisible = 0;
			defaultConfigurationName = Release;
		};
		031673571CB07CE50064EEB9 /* Build configuration list for PBXNativeTarget "MakeSchoolTutTests" */ = {
			isa = XCConfigurationList;
			buildConfigurations = (
				031673581CB07CE50064EEB9 /* Debug */,
				031673591CB07CE50064EEB9 /* Release */,
			);
			defaultConfigurationIsVisible = 0;
			defaultConfigurationName = Release;
		};
		0316735A1CB07CE50064EEB9 /* Build configuration list for PBXNativeTarget "MakeSchoolTutUITests" */ = {
			isa = XCConfigurationList;
			buildConfigurations = (
				0316735B1CB07CE50064EEB9 /* Debug */,
				0316735C1CB07CE50064EEB9 /* Release */,
			);
			defaultConfigurationIsVisible = 0;
			defaultConfigurationName = Release;
		};
/* End XCConfigurationList section */
	};
	rootObject = 031673241CB07CE40064EEB9 /* Project object */;
}
